// !$*UTF8*$!
{
	archiveVersion = 1;
	classes = {
	};
	objectVersion = 55;
	objects = {

/* Begin PBXBuildFile section */
		8E386FCC29CE4D6400BFF03D /* SecondaryView.swift in Sources */ = {isa = PBXBuildFile; fileRef = 8E386FCB29CE4D6400BFF03D /* SecondaryView.swift */; };
		8E386FD529CF1EF000BFF03D /* NatyOrNotClassifierFiller.mlmodel in Sources */ = {isa = PBXBuildFile; fileRef = 8E386FD429CF1EF000BFF03D /* NatyOrNotClassifierFiller.mlmodel */; };
		8E45BC5D28D7B1A900A259D8 /* NattyOrNotApp.swift in Sources */ = {isa = PBXBuildFile; fileRef = 8E45BC5C28D7B1A900A259D8 /* NattyOrNotApp.swift */; };
		8E45BC5F28D7B1A900A259D8 /* ContentView.swift in Sources */ = {isa = PBXBuildFile; fileRef = 8E45BC5E28D7B1A900A259D8 /* ContentView.swift */; };
		8E45BC6128D7B1AF00A259D8 /* Assets.xcassets in Resources */ = {isa = PBXBuildFile; fileRef = 8E45BC6028D7B1AF00A259D8 /* Assets.xcassets */; };
		8E45BC6428D7B1AF00A259D8 /* Preview Assets.xcassets in Resources */ = {isa = PBXBuildFile; fileRef = 8E45BC6328D7B1AF00A259D8 /* Preview Assets.xcassets */; };
		8E45BC8D28D87D9400A259D8 /* ImagePicker.swift in Sources */ = {isa = PBXBuildFile; fileRef = 8E45BC8C28D87D9400A259D8 /* ImagePicker.swift */; };
		8E45BC9028D8860400A259D8 /* NatyOrNotClassifier2.mlmodel in Sources */ = {isa = PBXBuildFile; fileRef = 8E45BC8F28D8860400A259D8 /* NatyOrNotClassifier2.mlmodel */; };
		8E932E9E29E354D000E697EE /* TabButton.swift in Sources */ = {isa = PBXBuildFile; fileRef = 8E932E9D29E354D000E697EE /* TabButton.swift */; };
		8E932EA029E3550900E697EE /* Tab.swift in Sources */ = {isa = PBXBuildFile; fileRef = 8E932E9F29E3550900E697EE /* Tab.swift */; };
		8EA3258C29A8C67C007C13B6 /* Neumorphism.swift in Sources */ = {isa = PBXBuildFile; fileRef = 8EA3258B29A8C67C007C13B6 /* Neumorphism.swift */; };
		8EA3259A29A8EC13007C13B6 /* TabBar.swift in Sources */ = {isa = PBXBuildFile; fileRef = 8EA3259929A8EC13007C13B6 /* TabBar.swift */; };
		8EA3259C29A8F2AE007C13B6 /* HomeView.swift in Sources */ = {isa = PBXBuildFile; fileRef = 8EA3259B29A8F2AE007C13B6 /* HomeView.swift */; };
/* End PBXBuildFile section */

/* Begin PBXContainerItemProxy section */
		8E45BC6A28D7B1B000A259D8 /* PBXContainerItemProxy */ = {
			isa = PBXContainerItemProxy;
			containerPortal = 8E45BC5128D7B1A900A259D8 /* Project object */;
			proxyType = 1;
			remoteGlobalIDString = 8E45BC5828D7B1A900A259D8;
			remoteInfo = NattyOrNot;
		};
		8E45BC7428D7B1B000A259D8 /* PBXContainerItemProxy */ = {
			isa = PBXContainerItemProxy;
			containerPortal = 8E45BC5128D7B1A900A259D8 /* Project object */;
			proxyType = 1;
			remoteGlobalIDString = 8E45BC5828D7B1A900A259D8;
			remoteInfo = NattyOrNot;
		};
/* End PBXContainerItemProxy section */

/* Begin PBXFileReference section */
		8E386FCB29CE4D6400BFF03D /* SecondaryView.swift */ = {isa = PBXFileReference; fileEncoding = 4; lastKnownFileType = sourcecode.swift; path = SecondaryView.swift; sourceTree = "<group>"; };
		8E386FD429CF1EF000BFF03D /* NatyOrNotClassifierFiller.mlmodel */ = {isa = PBXFileReference; lastKnownFileType = file.mlmodel; path = NatyOrNotClassifierFiller.mlmodel; sourceTree = "<group>"; };
		8E45BC5928D7B1A900A259D8 /* NattyOrNot.app */ = {isa = PBXFileReference; explicitFileType = wrapper.application; includeInIndex = 0; path = NattyOrNot.app; sourceTree = BUILT_PRODUCTS_DIR; };
		8E45BC5C28D7B1A900A259D8 /* NattyOrNotApp.swift */ = {isa = PBXFileReference; lastKnownFileType = sourcecode.swift; path = NattyOrNotApp.swift; sourceTree = "<group>"; };
		8E45BC5E28D7B1A900A259D8 /* ContentView.swift */ = {isa = PBXFileReference; lastKnownFileType = sourcecode.swift; path = ContentView.swift; sourceTree = "<group>"; };
		8E45BC6028D7B1AF00A259D8 /* Assets.xcassets */ = {isa = PBXFileReference; lastKnownFileType = folder.assetcatalog; path = Assets.xcassets; sourceTree = "<group>"; };
		8E45BC6328D7B1AF00A259D8 /* Preview Assets.xcassets */ = {isa = PBXFileReference; lastKnownFileType = folder.assetcatalog; path = "Preview Assets.xcassets"; sourceTree = "<group>"; };
		8E45BC6928D7B1B000A259D8 /* NattyOrNotTests.xctest */ = {isa = PBXFileReference; explicitFileType = wrapper.cfbundle; includeInIndex = 0; path = NattyOrNotTests.xctest; sourceTree = BUILT_PRODUCTS_DIR; };
		8E45BC7328D7B1B000A259D8 /* NattyOrNotUITests.xctest */ = {isa = PBXFileReference; explicitFileType = wrapper.cfbundle; includeInIndex = 0; path = NattyOrNotUITests.xctest; sourceTree = BUILT_PRODUCTS_DIR; };
		8E45BC8C28D87D9400A259D8 /* ImagePicker.swift */ = {isa = PBXFileReference; lastKnownFileType = sourcecode.swift; path = ImagePicker.swift; sourceTree = "<group>"; };
		8E45BC8E28D8813500A259D8 /* Info.plist */ = {isa = PBXFileReference; lastKnownFileType = text.plist.xml; path = Info.plist; sourceTree = "<group>"; };
		8E45BC8F28D8860400A259D8 /* NatyOrNotClassifier2.mlmodel */ = {isa = PBXFileReference; lastKnownFileType = file.mlmodel; path = NatyOrNotClassifier2.mlmodel; sourceTree = "<group>"; };
		8E932E9D29E354D000E697EE /* TabButton.swift */ = {isa = PBXFileReference; lastKnownFileType = sourcecode.swift; path = TabButton.swift; sourceTree = "<group>"; };
		8E932E9F29E3550900E697EE /* Tab.swift */ = {isa = PBXFileReference; lastKnownFileType = sourcecode.swift; path = Tab.swift; sourceTree = "<group>"; };
		8EA3258B29A8C67C007C13B6 /* Neumorphism.swift */ = {isa = PBXFileReference; lastKnownFileType = sourcecode.swift; path = Neumorphism.swift; sourceTree = "<group>"; };
		8EA3259929A8EC13007C13B6 /* TabBar.swift */ = {isa = PBXFileReference; lastKnownFileType = sourcecode.swift; path = TabBar.swift; sourceTree = "<group>"; };
		8EA3259B29A8F2AE007C13B6 /* HomeView.swift */ = {isa = PBXFileReference; lastKnownFileType = sourcecode.swift; path = HomeView.swift; sourceTree = "<group>"; usesTabs = 0; };
/* End PBXFileReference section */

/* Begin PBXFrameworksBuildPhase section */
		8E45BC5628D7B1A900A259D8 /* Frameworks */ = {
			isa = PBXFrameworksBuildPhase;
			buildActionMask = 2147483647;
			files = (
			);
			runOnlyForDeploymentPostprocessing = 0;
		};
		8E45BC6628D7B1B000A259D8 /* Frameworks */ = {
			isa = PBXFrameworksBuildPhase;
			buildActionMask = 2147483647;
			files = (
			);
			runOnlyForDeploymentPostprocessing = 0;
		};
		8E45BC7028D7B1B000A259D8 /* Frameworks */ = {
			isa = PBXFrameworksBuildPhase;
			buildActionMask = 2147483647;
			files = (
			);
			runOnlyForDeploymentPostprocessing = 0;
		};
/* End PBXFrameworksBuildPhase section */

/* Begin PBXGroup section */
		8E386FCD29CE4D9F00BFF03D /* Views */ = {
			isa = PBXGroup;
			children = (
				8E386FCB29CE4D6400BFF03D /* SecondaryView.swift */,
				8EA3259B29A8F2AE007C13B6 /* HomeView.swift */,
				8EA3259929A8EC13007C13B6 /* TabBar.swift */,
			);
			path = Views;
			sourceTree = "<group>";
		};
		8E386FCE29CE4DC000BFF03D /* Models */ = {
			isa = PBXGroup;
			children = (
				8E45BC8F28D8860400A259D8 /* NatyOrNotClassifier2.mlmodel */,
				8E386FD429CF1EF000BFF03D /* NatyOrNotClassifierFiller.mlmodel */,
			);
			path = Models;
			sourceTree = "<group>";
		};
		8E386FCF29CE4DC500BFF03D /* Utils */ = {
			isa = PBXGroup;
			children = (
				8EA3258B29A8C67C007C13B6 /* Neumorphism.swift */,
				8E45BC8C28D87D9400A259D8 /* ImagePicker.swift */,
			);
			path = Utils;
			sourceTree = "<group>";
		};
		8E45BC5028D7B1A800A259D8 = {
			isa = PBXGroup;
			children = (
				8E45BC5B28D7B1A900A259D8 /* NattyOrNot */,
				8E45BC5A28D7B1A900A259D8 /* Products */,
			);
			sourceTree = "<group>";
		};
		8E45BC5A28D7B1A900A259D8 /* Products */ = {
			isa = PBXGroup;
			children = (
				8E45BC5928D7B1A900A259D8 /* NattyOrNot.app */,
				8E45BC6928D7B1B000A259D8 /* NattyOrNotTests.xctest */,
				8E45BC7328D7B1B000A259D8 /* NattyOrNotUITests.xctest */,
			);
			name = Products;
			sourceTree = "<group>";
		};
		8E45BC5B28D7B1A900A259D8 /* NattyOrNot */ = {
			isa = PBXGroup;
			children = (
				8E45BC5C28D7B1A900A259D8 /* NattyOrNotApp.swift */,
				8E45BC5E28D7B1A900A259D8 /* ContentView.swift */,
				8E45BC8E28D8813500A259D8 /* Info.plist */,
				8E932EA129E3556200E697EE /* Components */,
				8E386FCD29CE4D9F00BFF03D /* Views */,
				8E386FCE29CE4DC000BFF03D /* Models */,
				8E386FCF29CE4DC500BFF03D /* Utils */,
				8E45BC6028D7B1AF00A259D8 /* Assets.xcassets */,
				8E45BC6228D7B1AF00A259D8 /* Preview Content */,
			);
			path = NattyOrNot;
			sourceTree = "<group>";
		};
		8E45BC6228D7B1AF00A259D8 /* Preview Content */ = {
			isa = PBXGroup;
			children = (
				8E45BC6328D7B1AF00A259D8 /* Preview Assets.xcassets */,
			);
			path = "Preview Content";
			sourceTree = "<group>";
		};
		8E932EA129E3556200E697EE /* Components */ = {
			isa = PBXGroup;
			children = (
				8E932E9F29E3550900E697EE /* Tab.swift */,
				8E932E9D29E354D000E697EE /* TabButton.swift */,
			);
			path = Components;
			sourceTree = "<group>";
		};
/* End PBXGroup section */

/* Begin PBXNativeTarget section */
		8E45BC5828D7B1A900A259D8 /* NattyOrNot */ = {
			isa = PBXNativeTarget;
			buildConfigurationList = 8E45BC7D28D7B1B000A259D8 /* Build configuration list for PBXNativeTarget "NattyOrNot" */;
			buildPhases = (
				8E45BC5528D7B1A900A259D8 /* Sources */,
				8E45BC5628D7B1A900A259D8 /* Frameworks */,
				8E45BC5728D7B1A900A259D8 /* Resources */,
			);
			buildRules = (
			);
			dependencies = (
			);
			name = NattyOrNot;
			productName = NattyOrNot;
			productReference = 8E45BC5928D7B1A900A259D8 /* NattyOrNot.app */;
			productType = "com.apple.product-type.application";
		};
		8E45BC6828D7B1B000A259D8 /* NattyOrNotTests */ = {
			isa = PBXNativeTarget;
			buildConfigurationList = 8E45BC8028D7B1B000A259D8 /* Build configuration list for PBXNativeTarget "NattyOrNotTests" */;
			buildPhases = (
				8E45BC6528D7B1B000A259D8 /* Sources */,
				8E45BC6628D7B1B000A259D8 /* Frameworks */,
				8E45BC6728D7B1B000A259D8 /* Resources */,
			);
			buildRules = (
			);
			dependencies = (
				8E45BC6B28D7B1B000A259D8 /* PBXTargetDependency */,
			);
			name = NattyOrNotTests;
			productName = NattyOrNotTests;
			productReference = 8E45BC6928D7B1B000A259D8 /* NattyOrNotTests.xctest */;
			productType = "com.apple.product-type.bundle.unit-test";
		};
		8E45BC7228D7B1B000A259D8 /* NattyOrNotUITests */ = {
			isa = PBXNativeTarget;
			buildConfigurationList = 8E45BC8328D7B1B000A259D8 /* Build configuration list for PBXNativeTarget "NattyOrNotUITests" */;
			buildPhases = (
				8E45BC6F28D7B1B000A259D8 /* Sources */,
				8E45BC7028D7B1B000A259D8 /* Frameworks */,
				8E45BC7128D7B1B000A259D8 /* Resources */,
			);
			buildRules = (
			);
			dependencies = (
				8E45BC7528D7B1B000A259D8 /* PBXTargetDependency */,
			);
			name = NattyOrNotUITests;
			productName = NattyOrNotUITests;
			productReference = 8E45BC7328D7B1B000A259D8 /* NattyOrNotUITests.xctest */;
			productType = "com.apple.product-type.bundle.ui-testing";
		};
/* End PBXNativeTarget section */

/* Begin PBXProject section */
		8E45BC5128D7B1A900A259D8 /* Project object */ = {
			isa = PBXProject;
			attributes = {
				BuildIndependentTargetsInParallel = 1;
				LastSwiftUpdateCheck = 1340;
				LastUpgradeCheck = 1340;
				TargetAttributes = {
					8E45BC5828D7B1A900A259D8 = {
						CreatedOnToolsVersion = 13.4.1;
					};
					8E45BC6828D7B1B000A259D8 = {
						CreatedOnToolsVersion = 13.4.1;
						TestTargetID = 8E45BC5828D7B1A900A259D8;
					};
					8E45BC7228D7B1B000A259D8 = {
						CreatedOnToolsVersion = 13.4.1;
						TestTargetID = 8E45BC5828D7B1A900A259D8;
					};
				};
			};
			buildConfigurationList = 8E45BC5428D7B1A900A259D8 /* Build configuration list for PBXProject "NattyOrNot" */;
			compatibilityVersion = "Xcode 13.0";
			developmentRegion = en;
			hasScannedForEncodings = 0;
			knownRegions = (
				en,
				Base,
			);
			mainGroup = 8E45BC5028D7B1A800A259D8;
			productRefGroup = 8E45BC5A28D7B1A900A259D8 /* Products */;
			projectDirPath = "";
			projectRoot = "";
			targets = (
				8E45BC5828D7B1A900A259D8 /* NattyOrNot */,
				8E45BC6828D7B1B000A259D8 /* NattyOrNotTests */,
				8E45BC7228D7B1B000A259D8 /* NattyOrNotUITests */,
			);
		};
/* End PBXProject section */

/* Begin PBXResourcesBuildPhase section */
		8E45BC5728D7B1A900A259D8 /* Resources */ = {
			isa = PBXResourcesBuildPhase;
			buildActionMask = 2147483647;
			files = (
				8E45BC6428D7B1AF00A259D8 /* Preview Assets.xcassets in Resources */,
				8E45BC6128D7B1AF00A259D8 /* Assets.xcassets in Resources */,
			);
			runOnlyForDeploymentPostprocessing = 0;
		};
		8E45BC6728D7B1B000A259D8 /* Resources */ = {
			isa = PBXResourcesBuildPhase;
			buildActionMask = 2147483647;
			files = (
			);
			runOnlyForDeploymentPostprocessing = 0;
		};
		8E45BC7128D7B1B000A259D8 /* Resources */ = {
			isa = PBXResourcesBuildPhase;
			buildActionMask = 2147483647;
			files = (
			);
			runOnlyForDeploymentPostprocessing = 0;
		};
/* End PBXResourcesBuildPhase section */

/* Begin PBXSourcesBuildPhase section */
		8E45BC5528D7B1A900A259D8 /* Sources */ = {
			isa = PBXSourcesBuildPhase;
			buildActionMask = 2147483647;
			files = (
				8E386FD529CF1EF000BFF03D /* NatyOrNotClassifierFiller.mlmodel in Sources */,
				8E45BC5F28D7B1A900A259D8 /* ContentView.swift in Sources */,
				8E386FCC29CE4D6400BFF03D /* SecondaryView.swift in Sources */,
				8E932E9E29E354D000E697EE /* TabButton.swift in Sources */,
				8E45BC8D28D87D9400A259D8 /* ImagePicker.swift in Sources */,
				8E932EA029E3550900E697EE /* Tab.swift in Sources */,
				8E45BC5D28D7B1A900A259D8 /* NattyOrNotApp.swift in Sources */,
				8EA3259A29A8EC13007C13B6 /* TabBar.swift in Sources */,
				8EA3259C29A8F2AE007C13B6 /* HomeView.swift in Sources */,
				8E45BC9028D8860400A259D8 /* NatyOrNotClassifier2.mlmodel in Sources */,
				8EA3258C29A8C67C007C13B6 /* Neumorphism.swift in Sources */,
			);
			runOnlyForDeploymentPostprocessing = 0;
		};
		8E45BC6528D7B1B000A259D8 /* Sources */ = {
			isa = PBXSourcesBuildPhase;
			buildActionMask = 2147483647;
			files = (
			);
			runOnlyForDeploymentPostprocessing = 0;
		};
		8E45BC6F28D7B1B000A259D8 /* Sources */ = {
			isa = PBXSourcesBuildPhase;
			buildActionMask = 2147483647;
			files = (
			);
			runOnlyForDeploymentPostprocessing = 0;
		};
/* End PBXSourcesBuildPhase section */

/* Begin PBXTargetDependency section */
		8E45BC6B28D7B1B000A259D8 /* PBXTargetDependency */ = {
			isa = PBXTargetDependency;
			target = 8E45BC5828D7B1A900A259D8 /* NattyOrNot */;
			targetProxy = 8E45BC6A28D7B1B000A259D8 /* PBXContainerItemProxy */;
		};
		8E45BC7528D7B1B000A259D8 /* PBXTargetDependency */ = {
			isa = PBXTargetDependency;
			target = 8E45BC5828D7B1A900A259D8 /* NattyOrNot */;
			targetProxy = 8E45BC7428D7B1B000A259D8 /* PBXContainerItemProxy */;
		};
/* End PBXTargetDependency section */

/* Begin XCBuildConfiguration section */
		8E45BC7B28D7B1B000A259D8 /* Debug */ = {
			isa = XCBuildConfiguration;
			buildSettings = {
				ALWAYS_SEARCH_USER_PATHS = NO;
				CLANG_ANALYZER_NONNULL = YES;
				CLANG_ANALYZER_NUMBER_OBJECT_CONVERSION = YES_AGGRESSIVE;
				CLANG_CXX_LANGUAGE_STANDARD = "gnu++17";
				CLANG_ENABLE_MODULES = YES;
				CLANG_ENABLE_OBJC_ARC = YES;
				CLANG_ENABLE_OBJC_WEAK = YES;
				CLANG_WARN_BLOCK_CAPTURE_AUTORELEASING = YES;
				CLANG_WARN_BOOL_CONVERSION = YES;
				CLANG_WARN_COMMA = YES;
				CLANG_WARN_CONSTANT_CONVERSION = YES;
				CLANG_WARN_DEPRECATED_OBJC_IMPLEMENTATIONS = YES;
				CLANG_WARN_DIRECT_OBJC_ISA_USAGE = YES_ERROR;
				CLANG_WARN_DOCUMENTATION_COMMENTS = YES;
				CLANG_WARN_EMPTY_BODY = YES;
				CLANG_WARN_ENUM_CONVERSION = YES;
				CLANG_WARN_INFINITE_RECURSION = YES;
				CLANG_WARN_INT_CONVERSION = YES;
				CLANG_WARN_NON_LITERAL_NULL_CONVERSION = YES;
				CLANG_WARN_OBJC_IMPLICIT_RETAIN_SELF = YES;
				CLANG_WARN_OBJC_LITERAL_CONVERSION = YES;
				CLANG_WARN_OBJC_ROOT_CLASS = YES_ERROR;
				CLANG_WARN_QUOTED_INCLUDE_IN_FRAMEWORK_HEADER = YES;
				CLANG_WARN_RANGE_LOOP_ANALYSIS = YES;
				CLANG_WARN_STRICT_PROTOTYPES = YES;
				CLANG_WARN_SUSPICIOUS_MOVE = YES;
				CLANG_WARN_UNGUARDED_AVAILABILITY = YES_AGGRESSIVE;
				CLANG_WARN_UNREACHABLE_CODE = YES;
				CLANG_WARN__DUPLICATE_METHOD_MATCH = YES;
				COPY_PHASE_STRIP = NO;
				DEBUG_INFORMATION_FORMAT = dwarf;
				ENABLE_STRICT_OBJC_MSGSEND = YES;
				ENABLE_TESTABILITY = YES;
				GCC_C_LANGUAGE_STANDARD = gnu11;
				GCC_DYNAMIC_NO_PIC = NO;
				GCC_NO_COMMON_BLOCKS = YES;
				GCC_OPTIMIZATION_LEVEL = 0;
				GCC_PREPROCESSOR_DEFINITIONS = (
					"DEBUG=1",
					"$(inherited)",
				);
				GCC_WARN_64_TO_32_BIT_CONVERSION = YES;
				GCC_WARN_ABOUT_RETURN_TYPE = YES_ERROR;
				GCC_WARN_UNDECLARED_SELECTOR = YES;
				GCC_WARN_UNINITIALIZED_AUTOS = YES_AGGRESSIVE;
				GCC_WARN_UNUSED_FUNCTION = YES;
				GCC_WARN_UNUSED_VARIABLE = YES;
				IPHONEOS_DEPLOYMENT_TARGET = 15.5;
				MTL_ENABLE_DEBUG_INFO = INCLUDE_SOURCE;
				MTL_FAST_MATH = YES;
				ONLY_ACTIVE_ARCH = YES;
				SDKROOT = iphoneos;
				SWIFT_ACTIVE_COMPILATION_CONDITIONS = DEBUG;
				SWIFT_OPTIMIZATION_LEVEL = "-Onone";
			};
			name = Debug;
		};
		8E45BC7C28D7B1B000A259D8 /* Release */ = {
			isa = XCBuildConfiguration;
			buildSettings = {
				ALWAYS_SEARCH_USER_PATHS = NO;
				CLANG_ANALYZER_NONNULL = YES;
				CLANG_ANALYZER_NUMBER_OBJECT_CONVERSION = YES_AGGRESSIVE;
				CLANG_CXX_LANGUAGE_STANDARD = "gnu++17";
				CLANG_ENABLE_MODULES = YES;
				CLANG_ENABLE_OBJC_ARC = YES;
				CLANG_ENABLE_OBJC_WEAK = YES;
				CLANG_WARN_BLOCK_CAPTURE_AUTORELEASING = YES;
				CLANG_WARN_BOOL_CONVERSION = YES;
				CLANG_WARN_COMMA = YES;
				CLANG_WARN_CONSTANT_CONVERSION = YES;
				CLANG_WARN_DEPRECATED_OBJC_IMPLEMENTATIONS = YES;
				CLANG_WARN_DIRECT_OBJC_ISA_USAGE = YES_ERROR;
				CLANG_WARN_DOCUMENTATION_COMMENTS = YES;
				CLANG_WARN_EMPTY_BODY = YES;
				CLANG_WARN_ENUM_CONVERSION = YES;
				CLANG_WARN_INFINITE_RECURSION = YES;
				CLANG_WARN_INT_CONVERSION = YES;
				CLANG_WARN_NON_LITERAL_NULL_CONVERSION = YES;
				CLANG_WARN_OBJC_IMPLICIT_RETAIN_SELF = YES;
				CLANG_WARN_OBJC_LITERAL_CONVERSION = YES;
				CLANG_WARN_OBJC_ROOT_CLASS = YES_ERROR;
				CLANG_WARN_QUOTED_INCLUDE_IN_FRAMEWORK_HEADER = YES;
				CLANG_WARN_RANGE_LOOP_ANALYSIS = YES;
				CLANG_WARN_STRICT_PROTOTYPES = YES;
				CLANG_WARN_SUSPICIOUS_MOVE = YES;
				CLANG_WARN_UNGUARDED_AVAILABILITY = YES_AGGRESSIVE;
				CLANG_WARN_UNREACHABLE_CODE = YES;
				CLANG_WARN__DUPLICATE_METHOD_MATCH = YES;
				COPY_PHASE_STRIP = NO;
				DEBUG_INFORMATION_FORMAT = "dwarf-with-dsym";
				ENABLE_NS_ASSERTIONS = NO;
				ENABLE_STRICT_OBJC_MSGSEND = YES;
				GCC_C_LANGUAGE_STANDARD = gnu11;
				GCC_NO_COMMON_BLOCKS = YES;
				GCC_WARN_64_TO_32_BIT_CONVERSION = YES;
				GCC_WARN_ABOUT_RETURN_TYPE = YES_ERROR;
				GCC_WARN_UNDECLARED_SELECTOR = YES;
				GCC_WARN_UNINITIALIZED_AUTOS = YES_AGGRESSIVE;
				GCC_WARN_UNUSED_FUNCTION = YES;
				GCC_WARN_UNUSED_VARIABLE = YES;
				IPHONEOS_DEPLOYMENT_TARGET = 15.5;
				MTL_ENABLE_DEBUG_INFO = NO;
				MTL_FAST_MATH = YES;
				SDKROOT = iphoneos;
				SWIFT_COMPILATION_MODE = wholemodule;
				SWIFT_OPTIMIZATION_LEVEL = "-O";
				VALIDATE_PRODUCT = YES;
			};
			name = Release;
		};
		8E45BC7E28D7B1B000A259D8 /* Debug */ = {
			isa = XCBuildConfiguration;
			buildSettings = {
				ASSETCATALOG_COMPILER_APPICON_NAME = AppIcon;
				ASSETCATALOG_COMPILER_GLOBAL_ACCENT_COLOR_NAME = AccentColor;
				CODE_SIGN_STYLE = Automatic;
				CURRENT_PROJECT_VERSION = 1;
				DEVELOPMENT_ASSET_PATHS = "\"NattyOrNot/Preview Content\"";
				DEVELOPMENT_TEAM = C493VDTW7S;
				ENABLE_PREVIEWS = YES;
				GENERATE_INFOPLIST_FILE = YES;
				INFOPLIST_FILE = NattyOrNot/Info.plist;
				INFOPLIST_KEY_NSPhotoLibraryAddUsageDescription = "We want to save the filtered photo.";
				INFOPLIST_KEY_UIApplicationSceneManifest_Generation = YES;
				INFOPLIST_KEY_UIApplicationSupportsIndirectInputEvents = YES;
				INFOPLIST_KEY_UILaunchScreen_Generation = YES;
				INFOPLIST_KEY_UISupportedInterfaceOrientations_iPad = "UIInterfaceOrientationPortrait UIInterfaceOrientationPortraitUpsideDown UIInterfaceOrientationLandscapeLeft UIInterfaceOrientationLandscapeRight";
				INFOPLIST_KEY_UISupportedInterfaceOrientations_iPhone = "UIInterfaceOrientationPortrait UIInterfaceOrientationLandscapeLeft UIInterfaceOrientationLandscapeRight";
				LD_RUNPATH_SEARCH_PATHS = (
					"$(inherited)",
					"@executable_path/Frameworks",
				);
				MARKETING_VERSION = 1.0;
				PRODUCT_BUNDLE_IDENTIFIER = calmdays.NattyOrNot;
				PRODUCT_NAME = "$(TARGET_NAME)";
				SWIFT_EMIT_LOC_STRINGS = YES;
				SWIFT_VERSION = 5.0;
				TARGETED_DEVICE_FAMILY = "1,2";
			};
			name = Debug;
		};
		8E45BC7F28D7B1B000A259D8 /* Release */ = {
			isa = XCBuildConfiguration;
			buildSettings = {
				ASSETCATALOG_COMPILER_APPICON_NAME = AppIcon;
				ASSETCATALOG_COMPILER_GLOBAL_ACCENT_COLOR_NAME = AccentColor;
				CODE_SIGN_STYLE = Automatic;
				CURRENT_PROJECT_VERSION = 1;
				DEVELOPMENT_ASSET_PATHS = "\"NattyOrNot/Preview Content\"";
				DEVELOPMENT_TEAM = C493VDTW7S;
				ENABLE_PREVIEWS = YES;
				GENERATE_INFOPLIST_FILE = YES;
				INFOPLIST_FILE = NattyOrNot/Info.plist;
				INFOPLIST_KEY_NSPhotoLibraryAddUsageDescription = "We want to save the filtered photo.";
				INFOPLIST_KEY_UIApplicationSceneManifest_Generation = YES;
				INFOPLIST_KEY_UIApplicationSupportsIndirectInputEvents = YES;
				INFOPLIST_KEY_UILaunchScreen_Generation = YES;
				INFOPLIST_KEY_UISupportedInterfaceOrientations_iPad = "UIInterfaceOrientationPortrait UIInterfaceOrientationPortraitUpsideDown UIInterfaceOrientationLandscapeLeft UIInterfaceOrientationLandscapeRight";
				INFOPLIST_KEY_UISupportedInterfaceOrientations_iPhone = "UIInterfaceOrientationPortrait UIInterfaceOrientationLandscapeLeft UIInterfaceOrientationLandscapeRight";
				LD_RUNPATH_SEARCH_PATHS = (
					"$(inherited)",
					"@executable_path/Frameworks",
				);
				MARKETING_VERSION = 1.0;
				PRODUCT_BUNDLE_IDENTIFIER = calmdays.NattyOrNot;
				PRODUCT_NAME = "$(TARGET_NAME)";
				SWIFT_EMIT_LOC_STRINGS = YES;
				SWIFT_VERSION = 5.0;
				TARGETED_DEVICE_FAMILY = "1,2";
			};
			name = Release;
		};
		8E45BC8128D7B1B000A259D8 /* Debug */ = {
			isa = XCBuildConfiguration;
			buildSettings = {
				ALWAYS_EMBED_SWIFT_STANDARD_LIBRARIES = YES;
				BUNDLE_LOADER = "$(TEST_HOST)";
				CODE_SIGN_STYLE = Automatic;
				CURRENT_PROJECT_VERSION = 1;
				DEVELOPMENT_TEAM = C493VDTW7S;
				GENERATE_INFOPLIST_FILE = YES;
				IPHONEOS_DEPLOYMENT_TARGET = 15.5;
				MARKETING_VERSION = 1.0;
				PRODUCT_BUNDLE_IDENTIFIER = calmdays.NattyOrNotTests;
				PRODUCT_NAME = "$(TARGET_NAME)";
				SWIFT_EMIT_LOC_STRINGS = NO;
				SWIFT_VERSION = 5.0;
				TARGETED_DEVICE_FAMILY = "1,2";
				TEST_HOST = "$(BUILT_PRODUCTS_DIR)/NattyOrNot.app/NattyOrNot";
			};
			name = Debug;
		};
		8E45BC8228D7B1B000A259D8 /* Release */ = {
			isa = XCBuildConfiguration;
			buildSettings = {
				ALWAYS_EMBED_SWIFT_STANDARD_LIBRARIES = YES;
				BUNDLE_LOADER = "$(TEST_HOST)";
				CODE_SIGN_STYLE = Automatic;
				CURRENT_PROJECT_VERSION = 1;
				DEVELOPMENT_TEAM = C493VDTW7S;
				GENERATE_INFOPLIST_FILE = YES;
				IPHONEOS_DEPLOYMENT_TARGET = 15.5;
				MARKETING_VERSION = 1.0;
				PRODUCT_BUNDLE_IDENTIFIER = calmdays.NattyOrNotTests;
				PRODUCT_NAME = "$(TARGET_NAME)";
				SWIFT_EMIT_LOC_STRINGS = NO;
				SWIFT_VERSION = 5.0;
				TARGETED_DEVICE_FAMILY = "1,2";
				TEST_HOST = "$(BUILT_PRODUCTS_DIR)/NattyOrNot.app/NattyOrNot";
			};
			name = Release;
		};
		8E45BC8428D7B1B000A259D8 /* Debug */ = {
			isa = XCBuildConfiguration;
			buildSettings = {
				ALWAYS_EMBED_SWIFT_STANDARD_LIBRARIES = YES;
				CODE_SIGN_STYLE = Automatic;
				CURRENT_PROJECT_VERSION = 1;
				DEVELOPMENT_TEAM = C493VDTW7S;
				GENERATE_INFOPLIST_FILE = YES;
				MARKETING_VERSION = 1.0;
				PRODUCT_BUNDLE_IDENTIFIER = calmdays.NattyOrNotUITests;
				PRODUCT_NAME = "$(TARGET_NAME)";
				SWIFT_EMIT_LOC_STRINGS = NO;
				SWIFT_VERSION = 5.0;
				TARGETED_DEVICE_FAMILY = "1,2";
				TEST_TARGET_NAME = NattyOrNot;
			};
			name = Debug;
		};
		8E45BC8528D7B1B000A259D8 /* Release */ = {
			isa = XCBuildConfiguration;
			buildSettings = {
				ALWAYS_EMBED_SWIFT_STANDARD_LIBRARIES = YES;
				CODE_SIGN_STYLE = Automatic;
				CURRENT_PROJECT_VERSION = 1;
				DEVELOPMENT_TEAM = C493VDTW7S;
				GENERATE_INFOPLIST_FILE = YES;
				MARKETING_VERSION = 1.0;
				PRODUCT_BUNDLE_IDENTIFIER = calmdays.NattyOrNotUITests;
				PRODUCT_NAME = "$(TARGET_NAME)";
				SWIFT_EMIT_LOC_STRINGS = NO;
				SWIFT_VERSION = 5.0;
				TARGETED_DEVICE_FAMILY = "1,2";
				TEST_TARGET_NAME = NattyOrNot;
			};
			name = Release;
		};
/* End XCBuildConfiguration section */

/* Begin XCConfigurationList section */
		8E45BC5428D7B1A900A259D8 /* Build configuration list for PBXProject "NattyOrNot" */ = {
			isa = XCConfigurationList;
			buildConfigurations = (
				8E45BC7B28D7B1B000A259D8 /* Debug */,
				8E45BC7C28D7B1B000A259D8 /* Release */,
			);
			defaultConfigurationIsVisible = 0;
			defaultConfigurationName = Release;
		};
		8E45BC7D28D7B1B000A259D8 /* Build configuration list for PBXNativeTarget "NattyOrNot" */ = {
			isa = XCConfigurationList;
			buildConfigurations = (
				8E45BC7E28D7B1B000A259D8 /* Debug */,
				8E45BC7F28D7B1B000A259D8 /* Release */,
			);
			defaultConfigurationIsVisible = 0;
			defaultConfigurationName = Release;
		};
		8E45BC8028D7B1B000A259D8 /* Build configuration list for PBXNativeTarget "NattyOrNotTests" */ = {
			isa = XCConfigurationList;
			buildConfigurations = (
				8E45BC8128D7B1B000A259D8 /* Debug */,
				8E45BC8228D7B1B000A259D8 /* Release */,
			);
			defaultConfigurationIsVisible = 0;
			defaultConfigurationName = Release;
		};
		8E45BC8328D7B1B000A259D8 /* Build configuration list for PBXNativeTarget "NattyOrNotUITests" */ = {
			isa = XCConfigurationList;
			buildConfigurations = (
				8E45BC8428D7B1B000A259D8 /* Debug */,
				8E45BC8528D7B1B000A259D8 /* Release */,
			);
			defaultConfigurationIsVisible = 0;
			defaultConfigurationName = Release;
		};
/* End XCConfigurationList section */
	};
	rootObject = 8E45BC5128D7B1A900A259D8 /* Project object */;
}
